// !$*UTF8*$!
{
	archiveVersion = 1;
	classes = {
	};
	objectVersion = 55;
	objects = {

/* Begin PBXBuildFile section */
		8311A6B927AD2C0E00260AA1 /* AppDelegate.swift in Sources */ = {isa = PBXBuildFile; fileRef = 8311A6B827AD2C0E00260AA1 /* AppDelegate.swift */; };
		8311A6BB27AD2C0E00260AA1 /* SceneDelegate.swift in Sources */ = {isa = PBXBuildFile; fileRef = 8311A6BA27AD2C0E00260AA1 /* SceneDelegate.swift */; };
		8311A6BD27AD2C0E00260AA1 /* ViewController.swift in Sources */ = {isa = PBXBuildFile; fileRef = 8311A6BC27AD2C0E00260AA1 /* ViewController.swift */; };
		8311A6C027AD2C0E00260AA1 /* Main.storyboard in Resources */ = {isa = PBXBuildFile; fileRef = 8311A6BE27AD2C0E00260AA1 /* Main.storyboard */; };
		8311A6C227AD2C0F00260AA1 /* Assets.xcassets in Resources */ = {isa = PBXBuildFile; fileRef = 8311A6C127AD2C0F00260AA1 /* Assets.xcassets */; };
		8311A6C527AD2C0F00260AA1 /* LaunchScreen.storyboard in Resources */ = {isa = PBXBuildFile; fileRef = 8311A6C327AD2C0F00260AA1 /* LaunchScreen.storyboard */; };
		8311A6CE27AD36EC00260AA1 /* ItunesTableViewCell.swift in Sources */ = {isa = PBXBuildFile; fileRef = 8311A6CD27AD36EC00260AA1 /* ItunesTableViewCell.swift */; };
		8311A6D127AD400D00260AA1 /* Track.swift in Sources */ = {isa = PBXBuildFile; fileRef = 8311A6D027AD400D00260AA1 /* Track.swift */; };
		8311A6D427AD405000260AA1 /* QueryService.swift in Sources */ = {isa = PBXBuildFile; fileRef = 8311A6D327AD405000260AA1 /* QueryService.swift */; };
		8311A6D727AD408200260AA1 /* DownloadService.swift in Sources */ = {isa = PBXBuildFile; fileRef = 8311A6D627AD408200260AA1 /* DownloadService.swift */; };
		8311A6D927AD5FD200260AA1 /* Download.swift in Sources */ = {isa = PBXBuildFile; fileRef = 8311A6D827AD5FD200260AA1 /* Download.swift */; };
/* End PBXBuildFile section */

/* Begin PBXFileReference section */
		8311A6B527AD2C0E00260AA1 /* NetworkEducation.app */ = {isa = PBXFileReference; explicitFileType = wrapper.application; includeInIndex = 0; path = NetworkEducation.app; sourceTree = BUILT_PRODUCTS_DIR; };
		8311A6B827AD2C0E00260AA1 /* AppDelegate.swift */ = {isa = PBXFileReference; lastKnownFileType = sourcecode.swift; path = AppDelegate.swift; sourceTree = "<group>"; };
		8311A6BA27AD2C0E00260AA1 /* SceneDelegate.swift */ = {isa = PBXFileReference; lastKnownFileType = sourcecode.swift; path = SceneDelegate.swift; sourceTree = "<group>"; };
		8311A6BC27AD2C0E00260AA1 /* ViewController.swift */ = {isa = PBXFileReference; lastKnownFileType = sourcecode.swift; path = ViewController.swift; sourceTree = "<group>"; };
		8311A6BF27AD2C0E00260AA1 /* Base */ = {isa = PBXFileReference; lastKnownFileType = file.storyboard; name = Base; path = Base.lproj/Main.storyboard; sourceTree = "<group>"; };
		8311A6C127AD2C0F00260AA1 /* Assets.xcassets */ = {isa = PBXFileReference; lastKnownFileType = folder.assetcatalog; path = Assets.xcassets; sourceTree = "<group>"; };
		8311A6C427AD2C0F00260AA1 /* Base */ = {isa = PBXFileReference; lastKnownFileType = file.storyboard; name = Base; path = Base.lproj/LaunchScreen.storyboard; sourceTree = "<group>"; };
		8311A6C627AD2C0F00260AA1 /* Info.plist */ = {isa = PBXFileReference; lastKnownFileType = text.plist.xml; path = Info.plist; sourceTree = "<group>"; };
		8311A6CD27AD36EC00260AA1 /* ItunesTableViewCell.swift */ = {isa = PBXFileReference; lastKnownFileType = sourcecode.swift; path = ItunesTableViewCell.swift; sourceTree = "<group>"; };
		8311A6D027AD400D00260AA1 /* Track.swift */ = {isa = PBXFileReference; lastKnownFileType = sourcecode.swift; path = Track.swift; sourceTree = "<group>"; };
		8311A6D327AD405000260AA1 /* QueryService.swift */ = {isa = PBXFileReference; lastKnownFileType = sourcecode.swift; path = QueryService.swift; sourceTree = "<group>"; };
		8311A6D627AD408200260AA1 /* DownloadService.swift */ = {isa = PBXFileReference; lastKnownFileType = sourcecode.swift; path = DownloadService.swift; sourceTree = "<group>"; };
		8311A6D827AD5FD200260AA1 /* Download.swift */ = {isa = PBXFileReference; lastKnownFileType = sourcecode.swift; path = Download.swift; sourceTree = "<group>"; };
/* End PBXFileReference section */

/* Begin PBXFrameworksBuildPhase section */
		8311A6B227AD2C0E00260AA1 /* Frameworks */ = {
			isa = PBXFrameworksBuildPhase;
			buildActionMask = 2147483647;
			files = (
			);
			runOnlyForDeploymentPostprocessing = 0;
		};
/* End PBXFrameworksBuildPhase section */

/* Begin PBXGroup section */
		8311A6AC27AD2C0E00260AA1 = {
			isa = PBXGroup;
			children = (
				8311A6B727AD2C0E00260AA1 /* NetworkEducation */,
				8311A6B627AD2C0E00260AA1 /* Products */,
			);
			sourceTree = "<group>";
		};
		8311A6B627AD2C0E00260AA1 /* Products */ = {
			isa = PBXGroup;
			children = (
				8311A6B527AD2C0E00260AA1 /* NetworkEducation.app */,
			);
			name = Products;
			sourceTree = "<group>";
		};
		8311A6B727AD2C0E00260AA1 /* NetworkEducation */ = {
			isa = PBXGroup;
			children = (
				8311A6B827AD2C0E00260AA1 /* AppDelegate.swift */,
				8311A6BA27AD2C0E00260AA1 /* SceneDelegate.swift */,
				8311A6D527AD407100260AA1 /* Network */,
				8311A6D227AD403700260AA1 /* Models */,
				8311A6CF27AD36F100260AA1 /* Views */,
				8311A6CC27AD36D800260AA1 /* ViewControllers */,
				8311A6BE27AD2C0E00260AA1 /* Main.storyboard */,
				8311A6C127AD2C0F00260AA1 /* Assets.xcassets */,
				8311A6C327AD2C0F00260AA1 /* LaunchScreen.storyboard */,
				8311A6C627AD2C0F00260AA1 /* Info.plist */,
			);
			path = NetworkEducation;
			sourceTree = "<group>";
		};
		8311A6CC27AD36D800260AA1 /* ViewControllers */ = {
			isa = PBXGroup;
			children = (
				8311A6BC27AD2C0E00260AA1 /* ViewController.swift */,
			);
			path = ViewControllers;
			sourceTree = "<group>";
		};
		8311A6CF27AD36F100260AA1 /* Views */ = {
			isa = PBXGroup;
			children = (
				8311A6CD27AD36EC00260AA1 /* ItunesTableViewCell.swift */,
			);
			path = Views;
			sourceTree = "<group>";
		};
		8311A6D227AD403700260AA1 /* Models */ = {
			isa = PBXGroup;
			children = (
				8311A6D027AD400D00260AA1 /* Track.swift */,
				8311A6D827AD5FD200260AA1 /* Download.swift */,
			);
			path = Models;
			sourceTree = "<group>";
		};
		8311A6D527AD407100260AA1 /* Network */ = {
			isa = PBXGroup;
			children = (
				8311A6D327AD405000260AA1 /* QueryService.swift */,
				8311A6D627AD408200260AA1 /* DownloadService.swift */,
			);
			path = Network;
			sourceTree = "<group>";
		};
/* End PBXGroup section */

/* Begin PBXNativeTarget section */
		8311A6B427AD2C0E00260AA1 /* NetworkEducation */ = {
			isa = PBXNativeTarget;
			buildConfigurationList = 8311A6C927AD2C0F00260AA1 /* Build configuration list for PBXNativeTarget "NetworkEducation" */;
			buildPhases = (
				8311A6B127AD2C0E00260AA1 /* Sources */,
				8311A6B227AD2C0E00260AA1 /* Frameworks */,
				8311A6B327AD2C0E00260AA1 /* Resources */,
			);
			buildRules = (
			);
			dependencies = (
			);
			name = NetworkEducation;
			productName = NetworkEducation;
			productReference = 8311A6B527AD2C0E00260AA1 /* NetworkEducation.app */;
			productType = "com.apple.product-type.application";
		};
/* End PBXNativeTarget section */

/* Begin PBXProject section */
		8311A6AD27AD2C0E00260AA1 /* Project object */ = {
			isa = PBXProject;
			attributes = {
				BuildIndependentTargetsInParallel = 1;
				LastSwiftUpdateCheck = 1320;
				LastUpgradeCheck = 1320;
				TargetAttributes = {
					8311A6B427AD2C0E00260AA1 = {
						CreatedOnToolsVersion = 13.2.1;
					};
				};
			};
			buildConfigurationList = 8311A6B027AD2C0E00260AA1 /* Build configuration list for PBXProject "NetworkEducation" */;
			compatibilityVersion = "Xcode 13.0";
			developmentRegion = en;
			hasScannedForEncodings = 0;
			knownRegions = (
				en,
				Base,
			);
			mainGroup = 8311A6AC27AD2C0E00260AA1;
			productRefGroup = 8311A6B627AD2C0E00260AA1 /* Products */;
			projectDirPath = "";
			projectRoot = "";
			targets = (
				8311A6B427AD2C0E00260AA1 /* NetworkEducation */,
			);
		};
/* End PBXProject section */

/* Begin PBXResourcesBuildPhase section */
		8311A6B327AD2C0E00260AA1 /* Resources */ = {
			isa = PBXResourcesBuildPhase;
			buildActionMask = 2147483647;
			files = (
				8311A6C527AD2C0F00260AA1 /* LaunchScreen.storyboard in Resources */,
				8311A6C227AD2C0F00260AA1 /* Assets.xcassets in Resources */,
				8311A6C027AD2C0E00260AA1 /* Main.storyboard in Resources */,
			);
			runOnlyForDeploymentPostprocessing = 0;
		};
/* End PBXResourcesBuildPhase section */

/* Begin PBXSourcesBuildPhase section */
		8311A6B127AD2C0E00260AA1 /* Sources */ = {
			isa = PBXSourcesBuildPhase;
			buildActionMask = 2147483647;
			files = (
				8311A6BD27AD2C0E00260AA1 /* ViewController.swift in Sources */,
				8311A6D927AD5FD200260AA1 /* Download.swift in Sources */,
				8311A6D727AD408200260AA1 /* DownloadService.swift in Sources */,
				8311A6D127AD400D00260AA1 /* Track.swift in Sources */,
				8311A6B927AD2C0E00260AA1 /* AppDelegate.swift in Sources */,
				8311A6BB27AD2C0E00260AA1 /* SceneDelegate.swift in Sources */,
				8311A6D427AD405000260AA1 /* QueryService.swift in Sources */,
				8311A6CE27AD36EC00260AA1 /* ItunesTableViewCell.swift in Sources */,
			);
			runOnlyForDeploymentPostprocessing = 0;
		};
/* End PBXSourcesBuildPhase section */

/* Begin PBXVariantGroup section */
		8311A6BE27AD2C0E00260AA1 /* Main.storyboard */ = {
			isa = PBXVariantGroup;
			children = (
				8311A6BF27AD2C0E00260AA1 /* Base */,
			);
			name = Main.storyboard;
			sourceTree = "<group>";
		};
		8311A6C327AD2C0F00260AA1 /* LaunchScreen.storyboard */ = {
			isa = PBXVariantGroup;
			children = (
				8311A6C427AD2C0F00260AA1 /* Base */,
			);
			name = LaunchScreen.storyboard;
			sourceTree = "<group>";
		};
/* End PBXVariantGroup section */

/* Begin XCBuildConfiguration section */
		8311A6C727AD2C0F00260AA1 /* Debug */ = {
			isa = XCBuildConfiguration;
			buildSettings = {
				ALWAYS_SEARCH_USER_PATHS = NO;
				CLANG_ANALYZER_NONNULL = YES;
				CLANG_ANALYZER_NUMBER_OBJECT_CONVERSION = YES_AGGRESSIVE;
				CLANG_CXX_LANGUAGE_STANDARD = "gnu++17";
				CLANG_CXX_LIBRARY = "libc++";
				CLANG_ENABLE_MODULES = YES;
				CLANG_ENABLE_OBJC_ARC = YES;
				CLANG_ENABLE_OBJC_WEAK = YES;
				CLANG_WARN_BLOCK_CAPTURE_AUTORELEASING = YES;
				CLANG_WARN_BOOL_CONVERSION = YES;
				CLANG_WARN_COMMA = YES;
				CLANG_WARN_CONSTANT_CONVERSION = YES;
				CLANG_WARN_DEPRECATED_OBJC_IMPLEMENTATIONS = YES;
				CLANG_WARN_DIRECT_OBJC_ISA_USAGE = YES_ERROR;
				CLANG_WARN_DOCUMENTATION_COMMENTS = YES;
				CLANG_WARN_EMPTY_BODY = YES;
				CLANG_WARN_ENUM_CONVERSION = YES;
				CLANG_WARN_INFINITE_RECURSION = YES;
				CLANG_WARN_INT_CONVERSION = YES;
				CLANG_WARN_NON_LITERAL_NULL_CONVERSION = YES;
				CLANG_WARN_OBJC_IMPLICIT_RETAIN_SELF = YES;
				CLANG_WARN_OBJC_LITERAL_CONVERSION = YES;
				CLANG_WARN_OBJC_ROOT_CLASS = YES_ERROR;
				CLANG_WARN_QUOTED_INCLUDE_IN_FRAMEWORK_HEADER = YES;
				CLANG_WARN_RANGE_LOOP_ANALYSIS = YES;
				CLANG_WARN_STRICT_PROTOTYPES = YES;
				CLANG_WARN_SUSPICIOUS_MOVE = YES;
				CLANG_WARN_UNGUARDED_AVAILABILITY = YES_AGGRESSIVE;
				CLANG_WARN_UNREACHABLE_CODE = YES;
				CLANG_WARN__DUPLICATE_METHOD_MATCH = YES;
				COPY_PHASE_STRIP = NO;
				DEBUG_INFORMATION_FORMAT = dwarf;
				ENABLE_STRICT_OBJC_MSGSEND = YES;
				ENABLE_TESTABILITY = YES;
				GCC_C_LANGUAGE_STANDARD = gnu11;
				GCC_DYNAMIC_NO_PIC = NO;
				GCC_NO_COMMON_BLOCKS = YES;
				GCC_OPTIMIZATION_LEVEL = 0;
				GCC_PREPROCESSOR_DEFINITIONS = (
					"DEBUG=1",
					"$(inherited)",
				);
				GCC_WARN_64_TO_32_BIT_CONVERSION = YES;
				GCC_WARN_ABOUT_RETURN_TYPE = YES_ERROR;
				GCC_WARN_UNDECLARED_SELECTOR = YES;
				GCC_WARN_UNINITIALIZED_AUTOS = YES_AGGRESSIVE;
				GCC_WARN_UNUSED_FUNCTION = YES;
				GCC_WARN_UNUSED_VARIABLE = YES;
				IPHONEOS_DEPLOYMENT_TARGET = 15.2;
				MTL_ENABLE_DEBUG_INFO = INCLUDE_SOURCE;
				MTL_FAST_MATH = YES;
				ONLY_ACTIVE_ARCH = YES;
				SDKROOT = iphoneos;
				SWIFT_ACTIVE_COMPILATION_CONDITIONS = DEBUG;
				SWIFT_OPTIMIZATION_LEVEL = "-Onone";
			};
			name = Debug;
		};
		8311A6C827AD2C0F00260AA1 /* Release */ = {
			isa = XCBuildConfiguration;
			buildSettings = {
				ALWAYS_SEARCH_USER_PATHS = NO;
				CLANG_ANALYZER_NONNULL = YES;
				CLANG_ANALYZER_NUMBER_OBJECT_CONVERSION = YES_AGGRESSIVE;
				CLANG_CXX_LANGUAGE_STANDARD = "gnu++17";
				CLANG_CXX_LIBRARY = "libc++";
				CLANG_ENABLE_MODULES = YES;
				CLANG_ENABLE_OBJC_ARC = YES;
				CLANG_ENABLE_OBJC_WEAK = YES;
				CLANG_WARN_BLOCK_CAPTURE_AUTORELEASING = YES;
				CLANG_WARN_BOOL_CONVERSION = YES;
				CLANG_WARN_COMMA = YES;
				CLANG_WARN_CONSTANT_CONVERSION = YES;
				CLANG_WARN_DEPRECATED_OBJC_IMPLEMENTATIONS = YES;
				CLANG_WARN_DIRECT_OBJC_ISA_USAGE = YES_ERROR;
				CLANG_WARN_DOCUMENTATION_COMMENTS = YES;
				CLANG_WARN_EMPTY_BODY = YES;
				CLANG_WARN_ENUM_CONVERSION = YES;
				CLANG_WARN_INFINITE_RECURSION = YES;
				CLANG_WARN_INT_CONVERSION = YES;
				CLANG_WARN_NON_LITERAL_NULL_CONVERSION = YES;
				CLANG_WARN_OBJC_IMPLICIT_RETAIN_SELF = YES;
				CLANG_WARN_OBJC_LITERAL_CONVERSION = YES;
				CLANG_WARN_OBJC_ROOT_CLASS = YES_ERROR;
				CLANG_WARN_QUOTED_INCLUDE_IN_FRAMEWORK_HEADER = YES;
				CLANG_WARN_RANGE_LOOP_ANALYSIS = YES;
				CLANG_WARN_STRICT_PROTOTYPES = YES;
				CLANG_WARN_SUSPICIOUS_MOVE = YES;
				CLANG_WARN_UNGUARDED_AVAILABILITY = YES_AGGRESSIVE;
				CLANG_WARN_UNREACHABLE_CODE = YES;
				CLANG_WARN__DUPLICATE_METHOD_MATCH = YES;
				COPY_PHASE_STRIP = NO;
				DEBUG_INFORMATION_FORMAT = "dwarf-with-dsym";
				ENABLE_NS_ASSERTIONS = NO;
				ENABLE_STRICT_OBJC_MSGSEND = YES;
				GCC_C_LANGUAGE_STANDARD = gnu11;
				GCC_NO_COMMON_BLOCKS = YES;
				GCC_WARN_64_TO_32_BIT_CONVERSION = YES;
				GCC_WARN_ABOUT_RETURN_TYPE = YES_ERROR;
				GCC_WARN_UNDECLARED_SELECTOR = YES;
				GCC_WARN_UNINITIALIZED_AUTOS = YES_AGGRESSIVE;
				GCC_WARN_UNUSED_FUNCTION = YES;
				GCC_WARN_UNUSED_VARIABLE = YES;
				IPHONEOS_DEPLOYMENT_TARGET = 15.2;
				MTL_ENABLE_DEBUG_INFO = NO;
				MTL_FAST_MATH = YES;
				SDKROOT = iphoneos;
				SWIFT_COMPILATION_MODE = wholemodule;
				SWIFT_OPTIMIZATION_LEVEL = "-O";
				VALIDATE_PRODUCT = YES;
			};
			name = Release;
		};
		8311A6CA27AD2C0F00260AA1 /* Debug */ = {
			isa = XCBuildConfiguration;
			buildSettings = {
				ASSETCATALOG_COMPILER_APPICON_NAME = AppIcon;
				ASSETCATALOG_COMPILER_GLOBAL_ACCENT_COLOR_NAME = AccentColor;
				CODE_SIGN_STYLE = Automatic;
				CURRENT_PROJECT_VERSION = 1;
				DEVELOPMENT_TEAM = DK8A94C3H5;
				GENERATE_INFOPLIST_FILE = YES;
				INFOPLIST_FILE = NetworkEducation/Info.plist;
				INFOPLIST_KEY_UIApplicationSupportsIndirectInputEvents = YES;
				INFOPLIST_KEY_UILaunchStoryboardName = LaunchScreen;
				INFOPLIST_KEY_UIMainStoryboardFile = Main;
				INFOPLIST_KEY_UISupportedInterfaceOrientations_iPad = "UIInterfaceOrientationPortrait UIInterfaceOrientationPortraitUpsideDown UIInterfaceOrientationLandscapeLeft UIInterfaceOrientationLandscapeRight";
				INFOPLIST_KEY_UISupportedInterfaceOrientations_iPhone = "UIInterfaceOrientationPortrait UIInterfaceOrientationLandscapeLeft UIInterfaceOrientationLandscapeRight";
				LD_RUNPATH_SEARCH_PATHS = (
					"$(inherited)",
					"@executable_path/Frameworks",
				);
				MARKETING_VERSION = 1.0;
				PRODUCT_BUNDLE_IDENTIFIER = RyabikovDanila.NetworkEducation;
				PRODUCT_NAME = "$(TARGET_NAME)";
				SWIFT_EMIT_LOC_STRINGS = YES;
				SWIFT_VERSION = 5.0;
				TARGETED_DEVICE_FAMILY = "1,2";
			};
			name = Debug;
		};
		8311A6CB27AD2C0F00260AA1 /* Release */ = {
			isa = XCBuildConfiguration;
			buildSettings = {
				ASSETCATALOG_COMPILER_APPICON_NAME = AppIcon;
				ASSETCATALOG_COMPILER_GLOBAL_ACCENT_COLOR_NAME = AccentColor;
				CODE_SIGN_STYLE = Automatic;
				CURRENT_PROJECT_VERSION = 1;
				DEVELOPMENT_TEAM = DK8A94C3H5;
				GENERATE_INFOPLIST_FILE = YES;
				INFOPLIST_FILE = NetworkEducation/Info.plist;
				INFOPLIST_KEY_UIApplicationSupportsIndirectInputEvents = YES;
				INFOPLIST_KEY_UILaunchStoryboardName = LaunchScreen;
				INFOPLIST_KEY_UIMainStoryboardFile = Main;
				INFOPLIST_KEY_UISupportedInterfaceOrientations_iPad = "UIInterfaceOrientationPortrait UIInterfaceOrientationPortraitUpsideDown UIInterfaceOrientationLandscapeLeft UIInterfaceOrientationLandscapeRight";
				INFOPLIST_KEY_UISupportedInterfaceOrientations_iPhone = "UIInterfaceOrientationPortrait UIInterfaceOrientationLandscapeLeft UIInterfaceOrientationLandscapeRight";
				LD_RUNPATH_SEARCH_PATHS = (
					"$(inherited)",
					"@executable_path/Frameworks",
				);
				MARKETING_VERSION = 1.0;
				PRODUCT_BUNDLE_IDENTIFIER = RyabikovDanila.NetworkEducation;
				PRODUCT_NAME = "$(TARGET_NAME)";
				SWIFT_EMIT_LOC_STRINGS = YES;
				SWIFT_VERSION = 5.0;
				TARGETED_DEVICE_FAMILY = "1,2";
			};
			name = Release;
		};
/* End XCBuildConfiguration section */

/* Begin XCConfigurationList section */
		8311A6B027AD2C0E00260AA1 /* Build configuration list for PBXProject "NetworkEducation" */ = {
			isa = XCConfigurationList;
			buildConfigurations = (
				8311A6C727AD2C0F00260AA1 /* Debug */,
				8311A6C827AD2C0F00260AA1 /* Release */,
			);
			defaultConfigurationIsVisible = 0;
			defaultConfigurationName = Release;
		};
		8311A6C927AD2C0F00260AA1 /* Build configuration list for PBXNativeTarget "NetworkEducation" */ = {
			isa = XCConfigurationList;
			buildConfigurations = (
				8311A6CA27AD2C0F00260AA1 /* Debug */,
				8311A6CB27AD2C0F00260AA1 /* Release */,
			);
			defaultConfigurationIsVisible = 0;
			defaultConfigurationName = Release;
		};
/* End XCConfigurationList section */
	};
	rootObject = 8311A6AD27AD2C0E00260AA1 /* Project object */;
}
